
Microsoft Visual Studio Solution File, Format Version 12.00
# Visual Studio Version 17
VisualStudioVersion = 17.6.33829.357
MinimumVisualStudioVersion = 10.0.40219.1
Project("{2150E333-8FDC-42A3-9474-1A3956D46DE8}") = "API", "API", "{AD26C816-1B6F-47A9-9441-1E83EC9E5B90}"
EndProject
Project("{2150E333-8FDC-42A3-9474-1A3956D46DE8}") = "WEB", "WEB", "{B32479A9-9003-438A-976A-0D60B99AF95E}"
EndProject
Project("{9A19103F-16F7-4668-BE54-9A1E7A4F7556}") = "API_PCD", "API\API_PCD\API_PCD.csproj", "{2FD5BE17-E493-4C8C-BB8E-EF758A2819B1}"
EndProject
Project("{9A19103F-16F7-4668-BE54-9A1E7A4F7556}") = "API_PIS4", "API\API_PIS4\API_PIS4.csproj", "{889F2C02-BF0B-410B-A09C-BB0DC86604A8}"
EndProject
Project("{9A19103F-16F7-4668-BE54-9A1E7A4F7556}") = "API_Welding", "API\API_Welding\API_Welding.csproj", "{59A39AEE-B2B4-4D49-AA8B-0AB125D79F2A}"
EndProject
Project("{9A19103F-16F7-4668-BE54-9A1E7A4F7556}") = "PIS4", "WEB\PIS4\PIS4.csproj", "{7FF3570C-86CF-49CB-98D1-47890A62CE80}"
EndProject
Project("{9A19103F-16F7-4668-BE54-9A1E7A4F7556}") = "PIS4_PCD", "WEB\PIS4_PCD\PIS4_PCD.csproj", "{0AA61A3F-8BDB-46C3-AE0E-98C37BF83E0C}"
EndProject
Global
	GlobalSection(SolutionConfigurationPlatforms) = preSolution
		Debug|Any CPU = Debug|Any CPU
		Release|Any CPU = Release|Any CPU
	EndGlobalSection
	GlobalSection(ProjectConfigurationPlatforms) = postSolution
		{2FD5BE17-E493-4C8C-BB8E-EF758A2819B1}.Debug|Any CPU.ActiveCfg = Debug|Any CPU
		{2FD5BE17-E493-4C8C-BB8E-EF758A2819B1}.Debug|Any CPU.Build.0 = Debug|Any CPU
		{2FD5BE17-E493-4C8C-BB8E-EF758A2819B1}.Release|Any CPU.ActiveCfg = Release|Any CPU
		{2FD5BE17-E493-4C8C-BB8E-EF758A2819B1}.Release|Any CPU.Build.0 = Release|Any CPU
		{889F2C02-BF0B-410B-A09C-BB0DC86604A8}.Debug|Any CPU.ActiveCfg = Debug|Any CPU
		{889F2C02-BF0B-410B-A09C-BB0DC86604A8}.Debug|Any CPU.Build.0 = Debug|Any CPU
		{889F2C02-BF0B-410B-A09C-BB0DC86604A8}.Release|Any CPU.ActiveCfg = Release|Any CPU
		{889F2C02-BF0B-410B-A09C-BB0DC86604A8}.Release|Any CPU.Build.0 = Release|Any CPU
		{59A39AEE-B2B4-4D49-AA8B-0AB125D79F2A}.Debug|Any CPU.ActiveCfg = Debug|Any CPU
		{59A39AEE-B2B4-4D49-AA8B-0AB125D79F2A}.Debug|Any CPU.Build.0 = Debug|Any CPU
		{59A39AEE-B2B4-4D49-AA8B-0AB125D79F2A}.Release|Any CPU.ActiveCfg = Release|Any CPU
		{59A39AEE-B2B4-4D49-AA8B-0AB125D79F2A}.Release|Any CPU.Build.0 = Release|Any CPU
		{7FF3570C-86CF-49CB-98D1-47890A62CE80}.Debug|Any CPU.ActiveCfg = Debug|Any CPU
		{7FF3570C-86CF-49CB-98D1-47890A62CE80}.Debug|Any CPU.Build.0 = Debug|Any CPU
		{7FF3570C-86CF-49CB-98D1-47890A62CE80}.Release|Any CPU.ActiveCfg = Release|Any CPU
		{7FF3570C-86CF-49CB-98D1-47890A62CE80}.Release|Any CPU.Build.0 = Release|Any CPU
		{0AA61A3F-8BDB-46C3-AE0E-98C37BF83E0C}.Debug|Any CPU.ActiveCfg = Debug|Any CPU
		{0AA61A3F-8BDB-46C3-AE0E-98C37BF83E0C}.Debug|Any CPU.Build.0 = Debug|Any CPU
		{0AA61A3F-8BDB-46C3-AE0E-98C37BF83E0C}.Release|Any CPU.ActiveCfg = Release|Any CPU
		{0AA61A3F-8BDB-46C3-AE0E-98C37BF83E0C}.Release|Any CPU.Build.0 = Release|Any CPU
	EndGlobalSection
	GlobalSection(SolutionProperties) = preSolution
		HideSolutionNode = FALSE
	EndGlobalSection
	GlobalSection(NestedProjects) = preSolution
		{2FD5BE17-E493-4C8C-BB8E-EF758A2819B1} = {AD26C816-1B6F-47A9-9441-1E83EC9E5B90}
		{889F2C02-BF0B-410B-A09C-BB0DC86604A8} = {AD26C816-1B6F-47A9-9441-1E83EC9E5B90}
		{59A39AEE-B2B4-4D49-AA8B-0AB125D79F2A} = {AD26C816-1B6F-47A9-9441-1E83EC9E5B90}
		{7FF3570C-86CF-49CB-98D1-47890A62CE80} = {B32479A9-9003-438A-976A-0D60B99AF95E}
		{0AA61A3F-8BDB-46C3-AE0E-98C37BF83E0C} = {B32479A9-9003-438A-976A-0D60B99AF95E}
	EndGlobalSection
	GlobalSection(ExtensibilityGlobals) = postSolution
		SolutionGuid = {16AA98D9-F052-4308-BDA5-5BED0BAD692A}
	EndGlobalSection
EndGlobal
